version = 1
revision = 3
requires-python = ">=3.13"

[[package]]
name = "librt"
version = "0.7.5"
source = { registry = "https://pypi.netflix.net/simple" }
sdist = { url = "https://pypi.netflix.net/packages/19521445432/librt-0.7.5.tar.gz", hash = "sha256:de4221a1181fa9c8c4b5f35506ed6f298948f44003d84d2a8b9885d7e01e6cfa", size = 145868, upload-time = "2025-12-25T03:53:16.039Z" }
wheels = [
    { url = "https://pypi.netflix.net/packages/19521441098/librt-0.7.5-cp313-cp313-macosx_10_13_x86_64.whl", hash = "sha256:b1795c4b2789b458fa290059062c2f5a297ddb28c31e704d27e161386469691a", size = 55750, upload-time = "2025-12-25T03:52:26.975Z" },
    { url = "https://pypi.netflix.net/packages/19521441099/librt-0.7.5-cp313-cp313-macosx_11_0_arm64.whl", hash = "sha256:2fcbf2e135c11f721193aa5f42ba112bb1046afafbffd407cbc81d8d735c74d0", size = 57170, upload-time = "2025-12-25T03:52:27.948Z" },
    { url = "https://pypi.netflix.net/packages/19521441100/librt-0.7.5-cp313-cp313-manylinux1_i686.manylinux_2_28_i686.manylinux_2_5_i686.whl", hash = "sha256:c039bbf79a9a2498404d1ae7e29a6c175e63678d7a54013a97397c40aee026c5", size = 165834, upload-time = "2025-12-25T03:52:29.09Z" },
    { url = "https://pypi.netflix.net/packages/19521441101/librt-0.7.5-cp313-cp313-manylinux2014_aarch64.manylinux_2_17_aarch64.manylinux_2_28_aarch64.whl", hash = "sha256:3919c9407faeeee35430ae135e3a78acd4ecaaaa73767529e2c15ca1d73ba325", size = 174820, upload-time = "2025-12-25T03:52:30.463Z" },
    { url = "https://pypi.netflix.net/packages/19521441102/librt-0.7.5-cp313-cp313-manylinux2014_x86_64.manylinux_2_17_x86_64.manylinux_2_28_x86_64.whl", hash = "sha256:26b46620e1e0e45af510d9848ea0915e7040605dd2ae94ebefb6c962cbb6f7ec", size = 189609, upload-time = "2025-12-25T03:52:31.492Z" },
    { url = "https://pypi.netflix.net/packages/19521441103/librt-0.7.5-cp313-cp313-musllinux_1_2_aarch64.whl", hash = "sha256:9bbb8facc5375476d392990dd6a71f97e4cb42e2ac66f32e860f6e47299d5e89", size = 184589, upload-time = "2025-12-25T03:52:32.59Z" },
    { url = "https://pypi.netflix.net/packages/19521441104/librt-0.7.5-cp313-cp313-musllinux_1_2_i686.whl", hash = "sha256:e9e9c988b5ffde7be02180f864cbd17c0b0c1231c235748912ab2afa05789c25", size = 178251, upload-time = "2025-12-25T03:52:33.745Z" },
    { url = "https://pypi.netflix.net/packages/19521441105/librt-0.7.5-cp313-cp313-musllinux_1_2_x86_64.whl", hash = "sha256:edf6b465306215b19dbe6c3fb63cf374a8f3e1ad77f3b4c16544b83033bbb67b", size = 199852, upload-time = "2025-12-25T03:52:34.826Z" },
    { url = "https://pypi.netflix.net/packages/19521441106/librt-0.7.5-cp313-cp313-win32.whl", hash = "sha256:060bde69c3604f694bd8ae21a780fe8be46bb3dbb863642e8dfc75c931ca8eee", size = 43250, upload-time = "2025-12-25T03:52:35.905Z" },
    { url = "https://pypi.netflix.net/packages/19521441107/librt-0.7.5-cp313-cp313-win_amd64.whl", hash = "sha256:a82d5a0ee43aeae2116d7292c77cc8038f4841830ade8aa922e098933b468b9e", size = 49421, upload-time = "2025-12-25T03:52:36.895Z" },
    { url = "https://pypi.netflix.net/packages/19521441108/librt-0.7.5-cp313-cp313-win_arm64.whl", hash = "sha256:3c98a8d0ac9e2a7cb8ff8c53e5d6e8d82bfb2839abf144fdeaaa832f2a12aa45", size = 42827, upload-time = "2025-12-25T03:52:37.856Z" },
    { url = "https://pypi.netflix.net/packages/19521441109/librt-0.7.5-cp314-cp314-macosx_10_13_x86_64.whl", hash = "sha256:9937574e6d842f359b8585903d04f5b4ab62277a091a93e02058158074dc52f2", size = 55191, upload-time = "2025-12-25T03:52:38.839Z" },
    { url = "https://pypi.netflix.net/packages/19521441110/librt-0.7.5-cp314-cp314-macosx_11_0_arm64.whl", hash = "sha256:5cd3afd71e9bc146203b6c8141921e738364158d4aa7cdb9a874e2505163770f", size = 56894, upload-time = "2025-12-25T03:52:39.805Z" },
    { url = "https://pypi.netflix.net/packages/19521441111/librt-0.7.5-cp314-cp314-manylinux1_i686.manylinux_2_28_i686.manylinux_2_5_i686.whl", hash = "sha256:9cffa3ef0af29687455161cb446eff059bf27607f95163d6a37e27bcb37180f6", size = 163726, upload-time = "2025-12-25T03:52:40.79Z" },
    { url = "https://pypi.netflix.net/packages/19521442527/librt-0.7.5-cp314-cp314-manylinux2014_aarch64.manylinux_2_17_aarch64.manylinux_2_28_aarch64.whl", hash = "sha256:82f3f088482e2229387eadf8215c03f7726d56f69cce8c0c40f0795aebc9b361", size = 172470, upload-time = "2025-12-25T03:52:42.226Z" },
    { url = "https://pypi.netflix.net/packages/19521442528/librt-0.7.5-cp314-cp314-manylinux2014_x86_64.manylinux_2_17_x86_64.manylinux_2_28_x86_64.whl", hash = "sha256:d7aa33153a5bb0bac783d2c57885889b1162823384e8313d47800a0e10d0070e", size = 186807, upload-time = "2025-12-25T03:52:43.688Z" },
    { url = "https://pypi.netflix.net/packages/19521442529/librt-0.7.5-cp314-cp314-musllinux_1_2_aarch64.whl", hash = "sha256:265729b551a2dd329cc47b323a182fb7961af42abf21e913c9dd7d3331b2f3c2", size = 181810, upload-time = "2025-12-25T03:52:45.095Z" },
    { url = "https://pypi.netflix.net/packages/19521442530/librt-0.7.5-cp314-cp314-musllinux_1_2_i686.whl", hash = "sha256:168e04663e126416ba712114050f413ac306759a1791d87b7c11d4428ba75760", size = 175599, upload-time = "2025-12-25T03:52:46.177Z" },
    { url = "https://pypi.netflix.net/packages/19521442531/librt-0.7.5-cp314-cp314-musllinux_1_2_x86_64.whl", hash = "sha256:553dc58987d1d853adda8aeadf4db8e29749f0b11877afcc429a9ad892818ae2", size = 196506, upload-time = "2025-12-25T03:52:47.327Z" },
    { url = "https://pypi.netflix.net/packages/19521442532/librt-0.7.5-cp314-cp314-win32.whl", hash = "sha256:263f4fae9eba277513357c871275b18d14de93fd49bf5e43dc60a97b81ad5eb8", size = 39747, upload-time = "2025-12-25T03:52:48.437Z" },
    { url = "https://pypi.netflix.net/packages/19521442533/librt-0.7.5-cp314-cp314-win_amd64.whl", hash = "sha256:85f485b7471571e99fab4f44eeb327dc0e1f814ada575f3fa85e698417d8a54e", size = 45970, upload-time = "2025-12-25T03:52:49.389Z" },
    { url = "https://pypi.netflix.net/packages/19521442534/librt-0.7.5-cp314-cp314-win_arm64.whl", hash = "sha256:49c596cd18e90e58b7caa4d7ca7606049c1802125fcff96b8af73fa5c3870e4d", size = 39075, upload-time = "2025-12-25T03:52:50.395Z" },
    { url = "https://pypi.netflix.net/packages/19521442535/librt-0.7.5-cp314-cp314t-macosx_10_13_x86_64.whl", hash = "sha256:54d2aef0b0f5056f130981ad45081b278602ff3657fe16c88529f5058038e802", size = 57375, upload-time = "2025-12-25T03:52:51.439Z" },
    { url = "https://pypi.netflix.net/packages/19521442536/librt-0.7.5-cp314-cp314t-macosx_11_0_arm64.whl", hash = "sha256:0b4791202296ad51ac09a3ff58eb49d9da8e3a4009167a6d76ac418a974e5fd4", size = 59234, upload-time = "2025-12-25T03:52:52.687Z" },
    { url = "https://pypi.netflix.net/packages/19521442537/librt-0.7.5-cp314-cp314t-manylinux1_i686.manylinux_2_28_i686.manylinux_2_5_i686.whl", hash = "sha256:6e860909fea75baef941ee6436e0453612505883b9d0d87924d4fda27865b9a2", size = 183873, upload-time = "2025-12-25T03:52:53.705Z" },
    { url = "https://pypi.netflix.net/packages/19521442538/librt-0.7.5-cp314-cp314t-manylinux2014_aarch64.manylinux_2_17_aarch64.manylinux_2_28_aarch64.whl", hash = "sha256:f02c4337bf271c4f06637f5ff254fad2238c0b8e32a3a480ebb2fc5e26f754a5", size = 194609, upload-time = "2025-12-25T03:52:54.884Z" },
    { url = "https://pypi.netflix.net/packages/19521442539/librt-0.7.5-cp314-cp314t-manylinux2014_x86_64.manylinux_2_17_x86_64.manylinux_2_28_x86_64.whl", hash = "sha256:f7f51ffe59f4556243d3cc82d827bde74765f594fa3ceb80ec4de0c13ccd3416", size = 206777, upload-time = "2025-12-25T03:52:55.969Z" },
    { url = "https://pypi.netflix.net/packages/19521443968/librt-0.7.5-cp314-cp314t-musllinux_1_2_aarch64.whl", hash = "sha256:0b7f080ba30601dfa3e3deed3160352273e1b9bc92e652f51103c3e9298f7899", size = 203208, upload-time = "2025-12-25T03:52:57.036Z" },
    { url = "https://pypi.netflix.net/packages/19521443969/librt-0.7.5-cp314-cp314t-musllinux_1_2_i686.whl", hash = "sha256:fb565b4219abc8ea2402e61c7ba648a62903831059ed3564fa1245cc245d58d7", size = 196698, upload-time = "2025-12-25T03:52:58.481Z" },
    { url = "https://pypi.netflix.net/packages/19521443970/librt-0.7.5-cp314-cp314t-musllinux_1_2_x86_64.whl", hash = "sha256:8a3cfb15961e7333ea6ef033dc574af75153b5c230d5ad25fbcd55198f21e0cf", size = 217194, upload-time = "2025-12-25T03:52:59.575Z" },
    { url = "https://pypi.netflix.net/packages/19521443971/librt-0.7.5-cp314-cp314t-win32.whl", hash = "sha256:118716de5ad6726332db1801bc90fa6d94194cd2e07c1a7822cebf12c496714d", size = 40282, upload-time = "2025-12-25T03:53:01.091Z" },
    { url = "https://pypi.netflix.net/packages/19521443972/librt-0.7.5-cp314-cp314t-win_amd64.whl", hash = "sha256:3dd58f7ce20360c6ce0c04f7bd9081c7f9c19fc6129a3c705d0c5a35439f201d", size = 46764, upload-time = "2025-12-25T03:53:02.381Z" },
    { url = "https://pypi.netflix.net/packages/19521443973/librt-0.7.5-cp314-cp314t-win_arm64.whl", hash = "sha256:08153ea537609d11f774d2bfe84af39d50d5c9ca3a4d061d946e0c9d8bce04a1", size = 39728, upload-time = "2025-12-25T03:53:03.306Z" },
]

[[package]]
name = "lld"
version = "0.1.0"
source = { editable = "." }
dependencies = [
    { name = "sortedcontainers" },
]

[package.optional-dependencies]
dev = [
    { name = "mypy" },
    { name = "ruff" },
]

[package.metadata]
requires-dist = [
    { name = "mypy", marker = "extra == 'dev'", specifier = ">=1.8.0" },
    { name = "ruff", marker = "extra == 'dev'", specifier = ">=0.1.0" },
    { name = "sortedcontainers", specifier = ">=2.4.0" },
]
provides-extras = ["dev"]

[[package]]
name = "mypy"
version = "1.19.1"
source = { registry = "https://pypi.netflix.net/simple" }
dependencies = [
    { name = "librt", marker = "platform_python_implementation != 'PyPy'" },
    { name = "mypy-extensions" },
    { name = "pathspec" },
    { name = "typing-extensions" },
]
sdist = { url = "https://pypi.netflix.net/packages/19479007228/mypy-1.19.1.tar.gz", hash = "sha256:19d88bb05303fe63f71dd2c6270daca27cb9401c4ca8255fe50d1d920e0eb9ba", size = 3582404, upload-time = "2025-12-15T05:03:48.42Z" }
wheels = [
    { url = "https://pypi.netflix.net/packages/19478998172/mypy-1.19.1-cp313-cp313-macosx_10_13_x86_64.whl", hash = "sha256:e3157c7594ff2ef1634ee058aafc56a82db665c9438fd41b390f3bde1ab12250", size = 13201927, upload-time = "2025-12-15T05:02:29.138Z" },
    { url = "https://pypi.netflix.net/packages/19479001860/mypy-1.19.1-cp313-cp313-macosx_11_0_arm64.whl", hash = "sha256:bdb12f69bcc02700c2b47e070238f42cb87f18c0bc1fc4cdb4fb2bc5fd7a3b8b", size = 12206730, upload-time = "2025-12-15T05:03:01.325Z" },
    { url = "https://pypi.netflix.net/packages/19479003629/mypy-1.19.1-cp313-cp313-manylinux2014_aarch64.manylinux_2_17_aarch64.manylinux_2_28_aarch64.whl", hash = "sha256:f859fb09d9583a985be9a493d5cfc5515b56b08f7447759a0c5deaf68d80506e", size = 12724581, upload-time = "2025-12-15T05:03:20.087Z" },
    { url = "https://pypi.netflix.net/packages/19478999927/mypy-1.19.1-cp313-cp313-manylinux2014_x86_64.manylinux_2_17_x86_64.manylinux_2_28_x86_64.whl", hash = "sha256:c9a6538e0415310aad77cb94004ca6482330fece18036b5f360b62c45814c4ef", size = 13616252, upload-time = "2025-12-15T05:02:49.036Z" },
    { url = "https://pypi.netflix.net/packages/19479001862/mypy-1.19.1-cp313-cp313-musllinux_1_2_x86_64.whl", hash = "sha256:da4869fc5e7f62a88f3fe0b5c919d1d9f7ea3cef92d3689de2823fd27e40aa75", size = 13840848, upload-time = "2025-12-15T05:02:55.95Z" },
    { url = "https://pypi.netflix.net/packages/19479001863/mypy-1.19.1-cp313-cp313-win_amd64.whl", hash = "sha256:016f2246209095e8eda7538944daa1d60e1e8134d98983b9fc1e92c1fc0cb8dd", size = 10135510, upload-time = "2025-12-15T05:02:58.438Z" },
    { url = "https://pypi.netflix.net/packages/19479005409/mypy-1.19.1-cp314-cp314-macosx_10_15_x86_64.whl", hash = "sha256:06e6170bd5836770e8104c8fdd58e5e725cfeb309f0a6c681a811f557e97eac1", size = 13199744, upload-time = "2025-12-15T05:03:30.823Z" },
    { url = "https://pypi.netflix.net/packages/19478999928/mypy-1.19.1-cp314-cp314-macosx_11_0_arm64.whl", hash = "sha256:804bd67b8054a85447c8954215a906d6eff9cabeabe493fb6334b24f4bfff718", size = 12215815, upload-time = "2025-12-15T05:02:42.323Z" },
    { url = "https://pypi.netflix.net/packages/19479005411/mypy-1.19.1-cp314-cp314-manylinux2014_aarch64.manylinux_2_17_aarch64.manylinux_2_28_aarch64.whl", hash = "sha256:21761006a7f497cb0d4de3d8ef4ca70532256688b0523eee02baf9eec895e27b", size = 12740047, upload-time = "2025-12-15T05:03:33.168Z" },
    { url = "https://pypi.netflix.net/packages/19479003634/mypy-1.19.1-cp314-cp314-manylinux2014_x86_64.manylinux_2_17_x86_64.manylinux_2_28_x86_64.whl", hash = "sha256:28902ee51f12e0f19e1e16fbe2f8f06b6637f482c459dd393efddd0ec7f82045", size = 13601998, upload-time = "2025-12-15T05:03:13.056Z" },
    { url = "https://pypi.netflix.net/packages/19479003635/mypy-1.19.1-cp314-cp314-musllinux_1_2_x86_64.whl", hash = "sha256:481daf36a4c443332e2ae9c137dfee878fcea781a2e3f895d54bd3002a900957", size = 13807476, upload-time = "2025-12-15T05:03:17.977Z" },
    { url = "https://pypi.netflix.net/packages/19479001865/mypy-1.19.1-cp314-cp314-win_amd64.whl", hash = "sha256:8bb5c6f6d043655e055be9b542aa5f3bdd30e4f3589163e85f93f3640060509f", size = 10281872, upload-time = "2025-12-15T05:03:05.549Z" },
    { url = "https://pypi.netflix.net/packages/19479001869/mypy-1.19.1-py3-none-any.whl", hash = "sha256:f1235f5ea01b7db5468d53ece6aaddf1ad0b88d9e7462b86ef96fe04995d7247", size = 2471239, upload-time = "2025-12-15T05:03:07.248Z" },
]

[[package]]
name = "mypy-extensions"
version = "1.1.0"
source = { registry = "https://pypi.netflix.net/simple" }
sdist = { url = "https://pypi.netflix.net/packages/18629119459/mypy_extensions-1.1.0.tar.gz", hash = "sha256:52e68efc3284861e772bbcd66823fde5ae21fd2fdb51c62a211403730b916558", size = 6343, upload-time = "2025-04-22T14:54:24.164Z" }
wheels = [
    { url = "https://pypi.netflix.net/packages/18629119458/mypy_extensions-1.1.0-py3-none-any.whl", hash = "sha256:1be4cccdb0f2482337c4743e60421de3a356cd97508abadd57d47403e94f5505", size = 4963, upload-time = "2025-04-22T14:54:22.983Z" },
]

[[package]]
name = "pathspec"
version = "0.12.1"
source = { registry = "https://pypi.netflix.net/simple" }
sdist = { url = "https://pypi.netflix.net/packages/3372831493/pathspec-0.12.1.tar.gz", hash = "sha256:a482d51503a1ab33b1c67a6c3813a26953dbdc71c31dacaef9a838c4e29f5712", size = 51043, upload-time = "2023-12-10T22:30:45Z" }
wheels = [
    { url = "https://pypi.netflix.net/packages/3372831492/pathspec-0.12.1-py3-none-any.whl", hash = "sha256:a0d503e138a4c123b27490a4f7beda6a01c6f288df0e4a8b79c7eb0dc7b4cc08", size = 31191, upload-time = "2023-12-10T22:30:43.14Z" },
]

[[package]]
name = "ruff"
version = "0.14.10"
source = { registry = "https://pypi.netflix.net/simple" }
sdist = { url = "https://pypi.netflix.net/packages/19499369081/ruff-0.14.10.tar.gz", hash = "sha256:9a2e830f075d1a42cd28420d7809ace390832a490ed0966fe373ba288e77aaf4", size = 5859763, upload-time = "2025-12-18T19:28:57.98Z" }
wheels = [
    { url = "https://pypi.netflix.net/packages/19499382303/ruff-0.14.10-py3-none-linux_armv6l.whl", hash = "sha256:7a3ce585f2ade3e1f29ec1b92df13e3da262178df8c8bdf876f48fa0e8316c49", size = 13527080, upload-time = "2025-12-18T19:29:25.642Z" },
    { url = "https://pypi.netflix.net/packages/19499369074/ruff-0.14.10-py3-none-macosx_10_12_x86_64.whl", hash = "sha256:674f9be9372907f7257c51f1d4fc902cb7cf014b9980152b802794317941f08f", size = 13797320, upload-time = "2025-12-18T19:29:02.571Z" },
    { url = "https://pypi.netflix.net/packages/19499369075/ruff-0.14.10-py3-none-macosx_11_0_arm64.whl", hash = "sha256:d85713d522348837ef9df8efca33ccb8bd6fcfc86a2cde3ccb4bc9d28a18003d", size = 12918434, upload-time = "2025-12-18T19:28:51.202Z" },
    { url = "https://pypi.netflix.net/packages/19499369076/ruff-0.14.10-py3-none-manylinux_2_17_aarch64.manylinux2014_aarch64.whl", hash = "sha256:6987ebe0501ae4f4308d7d24e2d0fe3d7a98430f5adfd0f1fead050a740a3a77", size = 13371961, upload-time = "2025-12-18T19:29:04.991Z" },
    { url = "https://pypi.netflix.net/packages/19499382307/ruff-0.14.10-py3-none-manylinux_2_17_armv7l.manylinux2014_armv7l.whl", hash = "sha256:16a01dfb7b9e4eee556fbfd5392806b1b8550c9b4a9f6acd3dbe6812b193c70a", size = 13275629, upload-time = "2025-12-18T19:29:21.381Z" },
    { url = "https://pypi.netflix.net/packages/19499369077/ruff-0.14.10-py3-none-manylinux_2_17_i686.manylinux2014_i686.whl", hash = "sha256:7165d31a925b7a294465fa81be8c12a0e9b60fb02bf177e79067c867e71f8b1f", size = 14029234, upload-time = "2025-12-18T19:29:00.132Z" },
    { url = "https://pypi.netflix.net/packages/19499369078/ruff-0.14.10-py3-none-manylinux_2_17_ppc64.manylinux2014_ppc64.whl", hash = "sha256:c561695675b972effb0c0a45db233f2c816ff3da8dcfbe7dfc7eed625f218935", size = 15449890, upload-time = "2025-12-18T19:28:53.573Z" },
    { url = "https://pypi.netflix.net/packages/19499382310/ruff-0.14.10-py3-none-manylinux_2_17_ppc64le.manylinux2014_ppc64le.whl", hash = "sha256:4bb98fcbbc61725968893682fd4df8966a34611239c9fd07a1f6a07e7103d08e", size = 15123172, upload-time = "2025-12-18T19:29:23.453Z" },
    { url = "https://pypi.netflix.net/packages/19499382311/ruff-0.14.10-py3-none-manylinux_2_17_s390x.manylinux2014_s390x.whl", hash = "sha256:f24b47993a9d8cb858429e97bdf8544c78029f09b520af615c1d261bf827001d", size = 14460260, upload-time = "2025-12-18T19:29:27.808Z" },
    { url = "https://pypi.netflix.net/packages/19499375628/ruff-0.14.10-py3-none-manylinux_2_17_x86_64.manylinux2014_x86_64.whl", hash = "sha256:59aabd2e2c4fd614d2862e7939c34a532c04f1084476d6833dddef4afab87e9f", size = 14229978, upload-time = "2025-12-18T19:29:11.32Z" },
    { url = "https://pypi.netflix.net/packages/19499375629/ruff-0.14.10-py3-none-manylinux_2_31_riscv64.whl", hash = "sha256:213db2b2e44be8625002dbea33bb9c60c66ea2c07c084a00d55732689d697a7f", size = 14338036, upload-time = "2025-12-18T19:29:09.184Z" },
    { url = "https://pypi.netflix.net/packages/19499375630/ruff-0.14.10-py3-none-musllinux_1_2_aarch64.whl", hash = "sha256:b914c40ab64865a17a9a5b67911d14df72346a634527240039eb3bd650e5979d", size = 13264051, upload-time = "2025-12-18T19:29:13.431Z" },
    { url = "https://pypi.netflix.net/packages/19499375631/ruff-0.14.10-py3-none-musllinux_1_2_armv7l.whl", hash = "sha256:1484983559f026788e3a5c07c81ef7d1e97c1c78ed03041a18f75df104c45405", size = 13283998, upload-time = "2025-12-18T19:29:06.994Z" },
    { url = "https://pypi.netflix.net/packages/19499369079/ruff-0.14.10-py3-none-musllinux_1_2_i686.whl", hash = "sha256:c70427132db492d25f982fffc8d6c7535cc2fd2c83fc8888f05caaa248521e60", size = 13601891, upload-time = "2025-12-18T19:28:55.811Z" },
    { url = "https://pypi.netflix.net/packages/19499375633/ruff-0.14.10-py3-none-musllinux_1_2_x86_64.whl", hash = "sha256:5bcf45b681e9f1ee6445d317ce1fa9d6cba9a6049542d1c3d5b5958986be8830", size = 14336660, upload-time = "2025-12-18T19:29:16.531Z" },
    { url = "https://pypi.netflix.net/packages/19499375634/ruff-0.14.10-py3-none-win32.whl", hash = "sha256:104c49fc7ab73f3f3a758039adea978869a918f31b73280db175b43a2d9b51d6", size = 13196187, upload-time = "2025-12-18T19:29:19.006Z" },
    { url = "https://pypi.netflix.net/packages/19499382319/ruff-0.14.10-py3-none-win_amd64.whl", hash = "sha256:466297bd73638c6bdf06485683e812db1c00c7ac96d4ddd0294a338c62fdc154", size = 14661283, upload-time = "2025-12-18T19:29:30.16Z" },
    { url = "https://pypi.netflix.net/packages/19499369080/ruff-0.14.10-py3-none-win_arm64.whl", hash = "sha256:e51d046cf6dda98a4633b8a8a771451107413b0f07183b2bef03f075599e44e6", size = 13729839, upload-time = "2025-12-18T19:28:48.636Z" },
]

[[package]]
name = "sortedcontainers"
version = "2.4.0"
source = { registry = "https://pypi.netflix.net/simple" }
sdist = { url = "https://pypi.netflix.net/packages/69405382/sortedcontainers-2.4.0.tar.gz", hash = "sha256:25caa5a06cc30b6b83d11423433f65d1f9d76c4c6a0c90e3379eaa43b9bfdb88", size = 30594, upload-time = "2021-05-16T22:03:42.897Z" }
wheels = [
    { url = "https://pypi.netflix.net/packages/69405381/sortedcontainers-2.4.0-py2.py3-none-any.whl", hash = "sha256:a163dcaede0f1c021485e957a39245190e74249897e2ae4b2aa38595db237ee0", size = 29575, upload-time = "2021-05-16T22:03:41.177Z" },
]

[[package]]
name = "typing-extensions"
version = "4.15.0"
source = { registry = "https://pypi.netflix.net/simple" }
sdist = { url = "https://pypi.netflix.net/packages/19006597195/typing_extensions-4.15.0.tar.gz", hash = "sha256:0cea48d173cc12fa28ecabc3b837ea3cf6f38c6d1136f85cbaaf598984861466", size = 109391, upload-time = "2025-08-25T13:49:26.313Z" }
wheels = [
    { url = "https://pypi.netflix.net/packages/19006597194/typing_extensions-4.15.0-py3-none-any.whl", hash = "sha256:f0fa19c6845758ab08074a0cfa8b7aecb71c999ca73d62883bc25cc018c4e548", size = 44614, upload-time = "2025-08-25T13:49:24.86Z" },
]
